
Microsoft Visual Studio Solution File, Format Version 12.00
# Visual Studio Version 16
VisualStudioVersion = 16.0.31025.194
MinimumVisualStudioVersion = 10.0.40219.1
Project("{FAE04EC0-301F-11D3-BF4B-00C04F79EFBC}") = "ClassMetotDemo", "ClassMetotDemo\ClassMetotDemo.csproj", "{B8C1C9C1-00BF-4D34-BB21-7056B2B2FD7B}"
EndProject
Global
	GlobalSection(SolutionConfigurationPlatforms) = preSolution
		Debug|Any CPU = Debug|Any CPU
		Release|Any CPU = Release|Any CPU
	EndGlobalSection
	GlobalSection(ProjectConfigurationPlatforms) = postSolution
		{B8C1C9C1-00BF-4D34-BB21-7056B2B2FD7B}.Debug|Any CPU.ActiveCfg = Debug|Any CPU
		{B8C1C9C1-00BF-4D34-BB21-7056B2B2FD7B}.Debug|Any CPU.Build.0 = Debug|Any CPU
		{B8C1C9C1-00BF-4D34-BB21-7056B2B2FD7B}.Release|Any CPU.ActiveCfg = Release|Any CPU
		{B8C1C9C1-00BF-4D34-BB21-7056B2B2FD7B}.Release|Any CPU.Build.0 = Release|Any CPU
	EndGlobalSection
	GlobalSection(SolutionProperties) = preSolution
		HideSolutionNode = FALSE
	EndGlobalSection
	GlobalSection(ExtensibilityGlobals) = postSolution
		SolutionGuid = {C6501924-F8D0-4A3D-95D5-5A9065268C93}
	EndGlobalSection
EndGlobal
